
Microsoft Visual Studio Solution File, Format Version 12.00
# Visual Studio Version 17
VisualStudioVersion = 17.4.33403.182
MinimumVisualStudioVersion = 10.0.40219.1
Project("{FAE04EC0-301F-11D3-BF4B-00C04F79EFBC}") = "CourseManager", "CourseManager\CourseManager.csproj", "{2948C62F-4A89-4052-8B2D-EDB2D2D732CF}"
EndProject
Global
	GlobalSection(SolutionConfigurationPlatforms) = preSolution
		Debug|Any CPU = Debug|Any CPU
		Release|Any CPU = Release|Any CPU
	EndGlobalSection
	GlobalSection(ProjectConfigurationPlatforms) = postSolution
		{2948C62F-4A89-4052-8B2D-EDB2D2D732CF}.Debug|Any CPU.ActiveCfg = Debug|Any CPU
		{2948C62F-4A89-4052-8B2D-EDB2D2D732CF}.Debug|Any CPU.Build.0 = Debug|Any CPU
		{2948C62F-4A89-4052-8B2D-EDB2D2D732CF}.Release|Any CPU.ActiveCfg = Release|Any CPU
		{2948C62F-4A89-4052-8B2D-EDB2D2D732CF}.Release|Any CPU.Build.0 = Release|Any CPU
	EndGlobalSection
	GlobalSection(SolutionProperties) = preSolution
		HideSolutionNode = FALSE
	EndGlobalSection
	GlobalSection(ExtensibilityGlobals) = postSolution
		SolutionGuid = {533EEF23-2AB4-4D35-B10D-7DCBBCD1469B}
	EndGlobalSection
EndGlobal
